
Microsoft Visual Studio Solution File, Format Version 12.00
# Visual Studio Version 17
VisualStudioVersion = 17.5.002.0
MinimumVisualStudioVersion = 10.0.40219.1
Project("{2150E333-8FDC-42A3-9474-1A3956D46DE8}") = "src", "src", "{F951CD58-D2EC-4F67-9C82-498A4B0A6253}"
EndProject
Project("{2150E333-8FDC-42A3-9474-1A3956D46DE8}") = "backend", "backend", "{C75B7930-F5DB-46DD-8CA7-56B40F0A4EDE}"
EndProject
Project("{9A19103F-16F7-4668-BE54-9A1E7A4F7556}") = "service-users", "service-users\service-users.csproj", "{A794B0FE-A723-4884-8B6A-9EEFE0F2DCBD}"
EndProject
Project("{9A19103F-16F7-4668-BE54-9A1E7A4F7556}") = "AirMonitoring.DataProviding", "AirMonitoring.DataProviding\AirMonitoring.DataProviding.csproj", "{2199AB44-4612-4E71-82A9-D5F9E21AD5E3}"
EndProject
Project("{9A19103F-16F7-4668-BE54-9A1E7A4F7556}") = "AirMonitoring.DataIngestion", "AirMonitoring.DataIngestion\AirMonitoring.DataIngestion.csproj", "{76638CD7-1CDB-4CB0-A275-C28261E59D94}"
EndProject
Project("{9A19103F-16F7-4668-BE54-9A1E7A4F7556}") = "AirMonitoring.DataValidation", "AirMonitoring.DataValidation\AirMonitoring.DataValidation.csproj", "{DA71974A-F4E8-44C5-957D-6578097B775F}"
EndProject
Project("{9A19103F-16F7-4668-BE54-9A1E7A4F7556}") = "AirMonitoring.DataAnalysis", "AirMonitoring.DataAnalysis\AirMonitoring.DataAnalysis.csproj", "{7E551D62-A47E-4EE1-B914-2CCF711596FE}"
EndProject
Project("{9A19103F-16F7-4668-BE54-9A1E7A4F7556}") = "AirMonitoring.Alerting", "AirMonitoring.Alerting\AirMonitoring.Alerting.csproj", "{CD7E1D7B-79F4-4CEB-A3AF-F9EC4B0EF964}"
EndProject
Project("{9A19103F-16F7-4668-BE54-9A1E7A4F7556}") = "AirMonitoring.CommandProcessing", "AirMonitoring.CommandProcessing\AirMonitoring.CommandProcessing.csproj", "{CA1680F4-5BC9-4875-97C2-8EC0845D7912}"
EndProject
Project("{9A19103F-16F7-4668-BE54-9A1E7A4F7556}") = "AirMonitoring.MonthlyReporting", "AirMonitoring.MonthlyReporting\AirMonitoring.MonthlyReporting.csproj", "{09040A1E-31C4-49BE-AAAE-612A308E3141}"
EndProject
Project("{9A19103F-16F7-4668-BE54-9A1E7A4F7556}") = "AirMonitoring.YearlyReporting", "AirMonitoring.YearlyReporting\AirMonitoring.YearlyReporting.csproj", "{4ACCD913-2A16-46DD-81E6-535E5656D9D8}"
EndProject
Project("{9A19103F-16F7-4668-BE54-9A1E7A4F7556}") = "AirMonitoring.Core", "AirMonitoring.Core\AirMonitoring.Core.csproj", "{31F1D49D-3603-4C9B-B07A-F6A30942ED42}"
EndProject
Project("{9A19103F-16F7-4668-BE54-9A1E7A4F7556}") = "AirMonitoring.Aggregation", "AirMonitoring.Aggregation\AirMonitoring.Aggregation.csproj", "{A76A8296-4E39-4F5F-ADEE-C0587C8A0BDE}"
EndProject
Project("{9A19103F-16F7-4668-BE54-9A1E7A4F7556}") = "AirMonitoring.AggregationTrigger", "AirMonitoring.AggregationTrigger\AirMonitoring.AggregationTrigger.csproj", "{2A7E453B-7320-49AC-8D38-06393546EDD7}"
EndProject
Global
	GlobalSection(SolutionConfigurationPlatforms) = preSolution
		Debug|Any CPU = Debug|Any CPU
		Release|Any CPU = Release|Any CPU
	EndGlobalSection
	GlobalSection(ProjectConfigurationPlatforms) = postSolution
		{A794B0FE-A723-4884-8B6A-9EEFE0F2DCBD}.Debug|Any CPU.ActiveCfg = Debug|Any CPU
		{A794B0FE-A723-4884-8B6A-9EEFE0F2DCBD}.Debug|Any CPU.Build.0 = Debug|Any CPU
		{A794B0FE-A723-4884-8B6A-9EEFE0F2DCBD}.Release|Any CPU.ActiveCfg = Release|Any CPU
		{A794B0FE-A723-4884-8B6A-9EEFE0F2DCBD}.Release|Any CPU.Build.0 = Release|Any CPU
		{2199AB44-4612-4E71-82A9-D5F9E21AD5E3}.Debug|Any CPU.ActiveCfg = Debug|Any CPU
		{2199AB44-4612-4E71-82A9-D5F9E21AD5E3}.Debug|Any CPU.Build.0 = Debug|Any CPU
		{2199AB44-4612-4E71-82A9-D5F9E21AD5E3}.Release|Any CPU.ActiveCfg = Release|Any CPU
		{2199AB44-4612-4E71-82A9-D5F9E21AD5E3}.Release|Any CPU.Build.0 = Release|Any CPU
		{76638CD7-1CDB-4CB0-A275-C28261E59D94}.Debug|Any CPU.ActiveCfg = Debug|Any CPU
		{76638CD7-1CDB-4CB0-A275-C28261E59D94}.Debug|Any CPU.Build.0 = Debug|Any CPU
		{76638CD7-1CDB-4CB0-A275-C28261E59D94}.Release|Any CPU.ActiveCfg = Release|Any CPU
		{76638CD7-1CDB-4CB0-A275-C28261E59D94}.Release|Any CPU.Build.0 = Release|Any CPU
		{DA71974A-F4E8-44C5-957D-6578097B775F}.Debug|Any CPU.ActiveCfg = Debug|Any CPU
		{DA71974A-F4E8-44C5-957D-6578097B775F}.Debug|Any CPU.Build.0 = Debug|Any CPU
		{DA71974A-F4E8-44C5-957D-6578097B775F}.Release|Any CPU.ActiveCfg = Release|Any CPU
		{DA71974A-F4E8-44C5-957D-6578097B775F}.Release|Any CPU.Build.0 = Release|Any CPU
		{7E551D62-A47E-4EE1-B914-2CCF711596FE}.Debug|Any CPU.ActiveCfg = Debug|Any CPU
		{7E551D62-A47E-4EE1-B914-2CCF711596FE}.Debug|Any CPU.Build.0 = Debug|Any CPU
		{7E551D62-A47E-4EE1-B914-2CCF711596FE}.Release|Any CPU.ActiveCfg = Release|Any CPU
		{7E551D62-A47E-4EE1-B914-2CCF711596FE}.Release|Any CPU.Build.0 = Release|Any CPU
		{CD7E1D7B-79F4-4CEB-A3AF-F9EC4B0EF964}.Debug|Any CPU.ActiveCfg = Debug|Any CPU
		{CD7E1D7B-79F4-4CEB-A3AF-F9EC4B0EF964}.Debug|Any CPU.Build.0 = Debug|Any CPU
		{CD7E1D7B-79F4-4CEB-A3AF-F9EC4B0EF964}.Release|Any CPU.ActiveCfg = Release|Any CPU
		{CD7E1D7B-79F4-4CEB-A3AF-F9EC4B0EF964}.Release|Any CPU.Build.0 = Release|Any CPU
		{CA1680F4-5BC9-4875-97C2-8EC0845D7912}.Debug|Any CPU.ActiveCfg = Debug|Any CPU
		{CA1680F4-5BC9-4875-97C2-8EC0845D7912}.Debug|Any CPU.Build.0 = Debug|Any CPU
		{CA1680F4-5BC9-4875-97C2-8EC0845D7912}.Release|Any CPU.ActiveCfg = Release|Any CPU
		{CA1680F4-5BC9-4875-97C2-8EC0845D7912}.Release|Any CPU.Build.0 = Release|Any CPU
		{09040A1E-31C4-49BE-AAAE-612A308E3141}.Debug|Any CPU.ActiveCfg = Debug|Any CPU
		{09040A1E-31C4-49BE-AAAE-612A308E3141}.Debug|Any CPU.Build.0 = Debug|Any CPU
		{09040A1E-31C4-49BE-AAAE-612A308E3141}.Release|Any CPU.ActiveCfg = Release|Any CPU
		{09040A1E-31C4-49BE-AAAE-612A308E3141}.Release|Any CPU.Build.0 = Release|Any CPU
		{4ACCD913-2A16-46DD-81E6-535E5656D9D8}.Debug|Any CPU.ActiveCfg = Debug|Any CPU
		{4ACCD913-2A16-46DD-81E6-535E5656D9D8}.Debug|Any CPU.Build.0 = Debug|Any CPU
		{4ACCD913-2A16-46DD-81E6-535E5656D9D8}.Release|Any CPU.ActiveCfg = Release|Any CPU
		{4ACCD913-2A16-46DD-81E6-535E5656D9D8}.Release|Any CPU.Build.0 = Release|Any CPU
		{31F1D49D-3603-4C9B-B07A-F6A30942ED42}.Debug|Any CPU.ActiveCfg = Debug|Any CPU
		{31F1D49D-3603-4C9B-B07A-F6A30942ED42}.Debug|Any CPU.Build.0 = Debug|Any CPU
		{31F1D49D-3603-4C9B-B07A-F6A30942ED42}.Release|Any CPU.ActiveCfg = Release|Any CPU
		{31F1D49D-3603-4C9B-B07A-F6A30942ED42}.Release|Any CPU.Build.0 = Release|Any CPU
		{A76A8296-4E39-4F5F-ADEE-C0587C8A0BDE}.Debug|Any CPU.ActiveCfg = Debug|Any CPU
		{A76A8296-4E39-4F5F-ADEE-C0587C8A0BDE}.Debug|Any CPU.Build.0 = Debug|Any CPU
		{A76A8296-4E39-4F5F-ADEE-C0587C8A0BDE}.Release|Any CPU.ActiveCfg = Release|Any CPU
		{A76A8296-4E39-4F5F-ADEE-C0587C8A0BDE}.Release|Any CPU.Build.0 = Release|Any CPU
		{2A7E453B-7320-49AC-8D38-06393546EDD7}.Debug|Any CPU.ActiveCfg = Debug|Any CPU
		{2A7E453B-7320-49AC-8D38-06393546EDD7}.Debug|Any CPU.Build.0 = Debug|Any CPU
		{2A7E453B-7320-49AC-8D38-06393546EDD7}.Release|Any CPU.ActiveCfg = Release|Any CPU
		{2A7E453B-7320-49AC-8D38-06393546EDD7}.Release|Any CPU.Build.0 = Release|Any CPU
	EndGlobalSection
	GlobalSection(SolutionProperties) = preSolution
		HideSolutionNode = FALSE
	EndGlobalSection
	GlobalSection(NestedProjects) = preSolution
		{C75B7930-F5DB-46DD-8CA7-56B40F0A4EDE} = {F951CD58-D2EC-4F67-9C82-498A4B0A6253}
		{A794B0FE-A723-4884-8B6A-9EEFE0F2DCBD} = {C75B7930-F5DB-46DD-8CA7-56B40F0A4EDE}
		{2199AB44-4612-4E71-82A9-D5F9E21AD5E3} = {C75B7930-F5DB-46DD-8CA7-56B40F0A4EDE}
		{76638CD7-1CDB-4CB0-A275-C28261E59D94} = {C75B7930-F5DB-46DD-8CA7-56B40F0A4EDE}
		{DA71974A-F4E8-44C5-957D-6578097B775F} = {C75B7930-F5DB-46DD-8CA7-56B40F0A4EDE}
		{7E551D62-A47E-4EE1-B914-2CCF711596FE} = {C75B7930-F5DB-46DD-8CA7-56B40F0A4EDE}
		{CD7E1D7B-79F4-4CEB-A3AF-F9EC4B0EF964} = {C75B7930-F5DB-46DD-8CA7-56B40F0A4EDE}
		{CA1680F4-5BC9-4875-97C2-8EC0845D7912} = {C75B7930-F5DB-46DD-8CA7-56B40F0A4EDE}
		{09040A1E-31C4-49BE-AAAE-612A308E3141} = {C75B7930-F5DB-46DD-8CA7-56B40F0A4EDE}
		{4ACCD913-2A16-46DD-81E6-535E5656D9D8} = {C75B7930-F5DB-46DD-8CA7-56B40F0A4EDE}
		{31F1D49D-3603-4C9B-B07A-F6A30942ED42} = {C75B7930-F5DB-46DD-8CA7-56B40F0A4EDE}
		{A76A8296-4E39-4F5F-ADEE-C0587C8A0BDE} = {C75B7930-F5DB-46DD-8CA7-56B40F0A4EDE}
		{2A7E453B-7320-49AC-8D38-06393546EDD7} = {C75B7930-F5DB-46DD-8CA7-56B40F0A4EDE}
	EndGlobalSection
	GlobalSection(ExtensibilityGlobals) = postSolution
		SolutionGuid = {EF5A931D-482C-467E-88FD-84DD91B6B852}
	EndGlobalSection
EndGlobal
